
Microsoft Visual Studio Solution File, Format Version 12.00
# Visual Studio Version 16
VisualStudioVersion = 16.0.29905.134
MinimumVisualStudioVersion = 10.0.40219.1
Project("{FAE04EC0-301F-11D3-BF4B-00C04F79EFBC}") = "Line Comparision", "Line Comparision.csproj", "{E9E21C69-AD2D-41BB-991F-B43B114A3CEB}"
EndProject
Global
	GlobalSection(SolutionConfigurationPlatforms) = preSolution
		Debug|Any CPU = Debug|Any CPU
		Release|Any CPU = Release|Any CPU
	EndGlobalSection
	GlobalSection(ProjectConfigurationPlatforms) = postSolution
		{E9E21C69-AD2D-41BB-991F-B43B114A3CEB}.Debug|Any CPU.ActiveCfg = Debug|Any CPU
		{E9E21C69-AD2D-41BB-991F-B43B114A3CEB}.Debug|Any CPU.Build.0 = Debug|Any CPU
		{E9E21C69-AD2D-41BB-991F-B43B114A3CEB}.Release|Any CPU.ActiveCfg = Release|Any CPU
		{E9E21C69-AD2D-41BB-991F-B43B114A3CEB}.Release|Any CPU.Build.0 = Release|Any CPU
	EndGlobalSection
	GlobalSection(SolutionProperties) = preSolution
		HideSolutionNode = FALSE
	EndGlobalSection
	GlobalSection(ExtensibilityGlobals) = postSolution
		SolutionGuid = {B4EE0127-BC88-4D71-BE19-EC99847CB45E}
	EndGlobalSection
EndGlobal
